
Microsoft Visual Studio Solution File, Format Version 12.00
# Visual Studio Version 16
VisualStudioVersion = 16.0.30523.141
MinimumVisualStudioVersion = 10.0.40219.1
Project("{FAE04EC0-301F-11D3-BF4B-00C04F79EFBC}") = "ReviTab", "ReviTab\ReviTab.csproj", "{8D7EC115-7A07-46C4-BD90-805B6F7C02C2}"
EndProject
Project("{F184B08F-C81C-45F6-A57F-5ABD9991F28F}") = "PurgeUnused", "..\RevitPurgeUnused\PurgeUnused.vbproj", "{1FD4AFAC-E419-43F1-9C5D-AB8B19D55E2E}"
EndProject
Global
	GlobalSection(SolutionConfigurationPlatforms) = preSolution
		Debug|Any CPU = Debug|Any CPU
		Debug|x64 = Debug|x64
		Debug2017|Any CPU = Debug2017|Any CPU
		Debug2017|x64 = Debug2017|x64
		Debug2018|Any CPU = Debug2018|Any CPU
		Debug2018|x64 = Debug2018|x64
		Debug2019|Any CPU = Debug2019|Any CPU
		Debug2019|x64 = Debug2019|x64
		Debug2020|Any CPU = Debug2020|Any CPU
		Debug2020|x64 = Debug2020|x64
		Release|Any CPU = Release|Any CPU
		Release|x64 = Release|x64
		SAM|Any CPU = SAM|Any CPU
		SAM|x64 = SAM|x64
	EndGlobalSection
	GlobalSection(ProjectConfigurationPlatforms) = postSolution
		{8D7EC115-7A07-46C4-BD90-805B6F7C02C2}.Debug|Any CPU.ActiveCfg = Debug|Any CPU
		{8D7EC115-7A07-46C4-BD90-805B6F7C02C2}.Debug|Any CPU.Build.0 = Debug|Any CPU
		{8D7EC115-7A07-46C4-BD90-805B6F7C02C2}.Debug|x64.ActiveCfg = Debug|x64
		{8D7EC115-7A07-46C4-BD90-805B6F7C02C2}.Debug|x64.Build.0 = Debug|x64
		{8D7EC115-7A07-46C4-BD90-805B6F7C02C2}.Debug2017|Any CPU.ActiveCfg = Debug2017|Any CPU
		{8D7EC115-7A07-46C4-BD90-805B6F7C02C2}.Debug2017|Any CPU.Build.0 = Debug2017|Any CPU
		{8D7EC115-7A07-46C4-BD90-805B6F7C02C2}.Debug2017|x64.ActiveCfg = Debug2017|x64
		{8D7EC115-7A07-46C4-BD90-805B6F7C02C2}.Debug2017|x64.Build.0 = Debug2017|x64
		{8D7EC115-7A07-46C4-BD90-805B6F7C02C2}.Debug2018|Any CPU.ActiveCfg = Debug2018|Any CPU
		{8D7EC115-7A07-46C4-BD90-805B6F7C02C2}.Debug2018|Any CPU.Build.0 = Debug2018|Any CPU
		{8D7EC115-7A07-46C4-BD90-805B6F7C02C2}.Debug2018|x64.ActiveCfg = Debug2018|x64
		{8D7EC115-7A07-46C4-BD90-805B6F7C02C2}.Debug2018|x64.Build.0 = Debug2018|x64
		{8D7EC115-7A07-46C4-BD90-805B6F7C02C2}.Debug2019|Any CPU.ActiveCfg = Debug2019|Any CPU
		{8D7EC115-7A07-46C4-BD90-805B6F7C02C2}.Debug2019|Any CPU.Build.0 = Debug2019|Any CPU
		{8D7EC115-7A07-46C4-BD90-805B6F7C02C2}.Debug2019|x64.ActiveCfg = Debug2019|x64
		{8D7EC115-7A07-46C4-BD90-805B6F7C02C2}.Debug2019|x64.Build.0 = Debug2019|x64
		{8D7EC115-7A07-46C4-BD90-805B6F7C02C2}.Debug2020|Any CPU.ActiveCfg = Debug2020|Any CPU
		{8D7EC115-7A07-46C4-BD90-805B6F7C02C2}.Debug2020|Any CPU.Build.0 = Debug2020|Any CPU
		{8D7EC115-7A07-46C4-BD90-805B6F7C02C2}.Debug2020|x64.ActiveCfg = Debug2020|x64
		{8D7EC115-7A07-46C4-BD90-805B6F7C02C2}.Debug2020|x64.Build.0 = Debug2020|x64
		{8D7EC115-7A07-46C4-BD90-805B6F7C02C2}.Release|Any CPU.ActiveCfg = Release|Any CPU
		{8D7EC115-7A07-46C4-BD90-805B6F7C02C2}.Release|Any CPU.Build.0 = Release|Any CPU
		{8D7EC115-7A07-46C4-BD90-805B6F7C02C2}.Release|x64.ActiveCfg = Release|x64
		{8D7EC115-7A07-46C4-BD90-805B6F7C02C2}.Release|x64.Build.0 = Release|x64
		{8D7EC115-7A07-46C4-BD90-805B6F7C02C2}.SAM|Any CPU.ActiveCfg = SAM|Any CPU
		{8D7EC115-7A07-46C4-BD90-805B6F7C02C2}.SAM|Any CPU.Build.0 = SAM|Any CPU
		{8D7EC115-7A07-46C4-BD90-805B6F7C02C2}.SAM|x64.ActiveCfg = SAM|x64
		{8D7EC115-7A07-46C4-BD90-805B6F7C02C2}.SAM|x64.Build.0 = SAM|x64
		{1FD4AFAC-E419-43F1-9C5D-AB8B19D55E2E}.Debug|Any CPU.ActiveCfg = Debug|Any CPU
		{1FD4AFAC-E419-43F1-9C5D-AB8B19D55E2E}.Debug|Any CPU.Build.0 = Debug|Any CPU
		{1FD4AFAC-E419-43F1-9C5D-AB8B19D55E2E}.Debug|x64.ActiveCfg = Debug|Any CPU
		{1FD4AFAC-E419-43F1-9C5D-AB8B19D55E2E}.Debug|x64.Build.0 = Debug|Any CPU
		{1FD4AFAC-E419-43F1-9C5D-AB8B19D55E2E}.Debug2017|Any CPU.ActiveCfg = Debug|Any CPU
		{1FD4AFAC-E419-43F1-9C5D-AB8B19D55E2E}.Debug2017|Any CPU.Build.0 = Debug|Any CPU
		{1FD4AFAC-E419-43F1-9C5D-AB8B19D55E2E}.Debug2017|x64.ActiveCfg = Debug|Any CPU
		{1FD4AFAC-E419-43F1-9C5D-AB8B19D55E2E}.Debug2017|x64.Build.0 = Debug|Any CPU
		{1FD4AFAC-E419-43F1-9C5D-AB8B19D55E2E}.Debug2018|Any CPU.ActiveCfg = Debug|Any CPU
		{1FD4AFAC-E419-43F1-9C5D-AB8B19D55E2E}.Debug2018|Any CPU.Build.0 = Debug|Any CPU
		{1FD4AFAC-E419-43F1-9C5D-AB8B19D55E2E}.Debug2018|x64.ActiveCfg = Debug|Any CPU
		{1FD4AFAC-E419-43F1-9C5D-AB8B19D55E2E}.Debug2018|x64.Build.0 = Debug|Any CPU
		{1FD4AFAC-E419-43F1-9C5D-AB8B19D55E2E}.Debug2019|Any CPU.ActiveCfg = Debug|Any CPU
		{1FD4AFAC-E419-43F1-9C5D-AB8B19D55E2E}.Debug2019|Any CPU.Build.0 = Debug|Any CPU
		{1FD4AFAC-E419-43F1-9C5D-AB8B19D55E2E}.Debug2019|x64.ActiveCfg = Debug|Any CPU
		{1FD4AFAC-E419-43F1-9C5D-AB8B19D55E2E}.Debug2019|x64.Build.0 = Debug|Any CPU
		{1FD4AFAC-E419-43F1-9C5D-AB8B19D55E2E}.Debug2020|Any CPU.ActiveCfg = Debug|Any CPU
		{1FD4AFAC-E419-43F1-9C5D-AB8B19D55E2E}.Debug2020|Any CPU.Build.0 = Debug|Any CPU
		{1FD4AFAC-E419-43F1-9C5D-AB8B19D55E2E}.Debug2020|x64.ActiveCfg = Debug|Any CPU
		{1FD4AFAC-E419-43F1-9C5D-AB8B19D55E2E}.Debug2020|x64.Build.0 = Debug|Any CPU
		{1FD4AFAC-E419-43F1-9C5D-AB8B19D55E2E}.Release|Any CPU.ActiveCfg = Release|Any CPU
		{1FD4AFAC-E419-43F1-9C5D-AB8B19D55E2E}.Release|Any CPU.Build.0 = Release|Any CPU
		{1FD4AFAC-E419-43F1-9C5D-AB8B19D55E2E}.Release|x64.ActiveCfg = Release|Any CPU
		{1FD4AFAC-E419-43F1-9C5D-AB8B19D55E2E}.Release|x64.Build.0 = Release|Any CPU
		{1FD4AFAC-E419-43F1-9C5D-AB8B19D55E2E}.SAM|Any CPU.ActiveCfg = Release|Any CPU
		{1FD4AFAC-E419-43F1-9C5D-AB8B19D55E2E}.SAM|Any CPU.Build.0 = Release|Any CPU
		{1FD4AFAC-E419-43F1-9C5D-AB8B19D55E2E}.SAM|x64.ActiveCfg = Release|Any CPU
		{1FD4AFAC-E419-43F1-9C5D-AB8B19D55E2E}.SAM|x64.Build.0 = Release|Any CPU
	EndGlobalSection
	GlobalSection(SolutionProperties) = preSolution
		HideSolutionNode = FALSE
	EndGlobalSection
	GlobalSection(ExtensibilityGlobals) = postSolution
		SolutionGuid = {0F31F928-116F-4A4C-83B1-03922A2BC0E5}
	EndGlobalSection
EndGlobal
